
Microsoft Visual Studio Solution File, Format Version 12.00
# Visual Studio Version 17
VisualStudioVersion = 17.13.35818.85
MinimumVisualStudioVersion = 10.0.40219.1
Project("{FAE04EC0-301F-11D3-BF4B-00C04F79EFBC}") = "HMS", "src\APIs\HMS\HMS.csproj", "{2E27C07F-AD93-01FA-A2A4-00813FED399F}"
EndProject
Project("{FAE04EC0-301F-11D3-BF4B-00C04F79EFBC}") = "Models", "src\Models\Models\Models.csproj", "{658966EA-7A7E-3859-F826-82D3B7FF2F20}"
EndProject
Project("{FAE04EC0-301F-11D3-BF4B-00C04F79EFBC}") = "CommonLibrary", "src\CommonLibrary\CommonLibrary\CommonLibrary.csproj", "{F2072BE9-9BB4-DB8A-6106-88EB14B99E44}"
EndProject
Project("{FAE04EC0-301F-11D3-BF4B-00C04F79EFBC}") = "Communication", "src\CommonLibrary\Communication\Communication.csproj", "{51198245-79FF-0CB5-E134-B0E2AE7A3D9A}"
EndProject
Global
	GlobalSection(SolutionConfigurationPlatforms) = preSolution
		Debug|Any CPU = Debug|Any CPU
		Release|Any CPU = Release|Any CPU
	EndGlobalSection
	GlobalSection(ProjectConfigurationPlatforms) = postSolution
		{2E27C07F-AD93-01FA-A2A4-00813FED399F}.Debug|Any CPU.ActiveCfg = Debug|Any CPU
		{2E27C07F-AD93-01FA-A2A4-00813FED399F}.Debug|Any CPU.Build.0 = Debug|Any CPU
		{2E27C07F-AD93-01FA-A2A4-00813FED399F}.Release|Any CPU.ActiveCfg = Release|Any CPU
		{2E27C07F-AD93-01FA-A2A4-00813FED399F}.Release|Any CPU.Build.0 = Release|Any CPU
		{658966EA-7A7E-3859-F826-82D3B7FF2F20}.Debug|Any CPU.ActiveCfg = Debug|Any CPU
		{658966EA-7A7E-3859-F826-82D3B7FF2F20}.Debug|Any CPU.Build.0 = Debug|Any CPU
		{658966EA-7A7E-3859-F826-82D3B7FF2F20}.Release|Any CPU.ActiveCfg = Release|Any CPU
		{658966EA-7A7E-3859-F826-82D3B7FF2F20}.Release|Any CPU.Build.0 = Release|Any CPU
		{F2072BE9-9BB4-DB8A-6106-88EB14B99E44}.Debug|Any CPU.ActiveCfg = Debug|Any CPU
		{F2072BE9-9BB4-DB8A-6106-88EB14B99E44}.Debug|Any CPU.Build.0 = Debug|Any CPU
		{F2072BE9-9BB4-DB8A-6106-88EB14B99E44}.Release|Any CPU.ActiveCfg = Release|Any CPU
		{F2072BE9-9BB4-DB8A-6106-88EB14B99E44}.Release|Any CPU.Build.0 = Release|Any CPU
		{51198245-79FF-0CB5-E134-B0E2AE7A3D9A}.Debug|Any CPU.ActiveCfg = Debug|Any CPU
		{51198245-79FF-0CB5-E134-B0E2AE7A3D9A}.Debug|Any CPU.Build.0 = Debug|Any CPU
		{51198245-79FF-0CB5-E134-B0E2AE7A3D9A}.Release|Any CPU.ActiveCfg = Release|Any CPU
		{51198245-79FF-0CB5-E134-B0E2AE7A3D9A}.Release|Any CPU.Build.0 = Release|Any CPU
	EndGlobalSection
	GlobalSection(SolutionProperties) = preSolution
		HideSolutionNode = FALSE
	EndGlobalSection
	GlobalSection(ExtensibilityGlobals) = postSolution
		SolutionGuid = {39B8E5C8-CE02-4563-BC66-7706B876AD43}
	EndGlobalSection
EndGlobal
