
Microsoft Visual Studio Solution File, Format Version 12.00
# Visual Studio Version 17
VisualStudioVersion = 17.14.36717.8
MinimumVisualStudioVersion = 10.0.40219.1
Project("{FAE04EC0-301F-11D3-BF4B-00C04F79EFBC}") = "Database", "src\Database\Database.csproj", "{811ED64E-EDA7-66E4-389E-E5B32765A238}"
EndProject
Project("{FAE04EC0-301F-11D3-BF4B-00C04F79EFBC}") = "HMSBulkAgentCreate", "src\Workers\HMSBulkAgentCreate\HMSBulkAgentCreate\HMSBulkAgentCreate.csproj", "{23AF73F7-4352-C215-4F10-B16F6F7358E9}"
EndProject
Project("{FAE04EC0-301F-11D3-BF4B-00C04F79EFBC}") = "MetaDataLoader", "src\MetaDataLoader\MetaDataLoader.csproj", "{D870BEAC-ABFB-B070-3851-B7B64FDC78DE}"
EndProject
Project("{FAE04EC0-301F-11D3-BF4B-00C04F79EFBC}") = "Repository", "src\Repository\Repository.csproj", "{0A6C9E99-FED3-E647-630D-3E469FF20FEF}"
EndProject
Global
	GlobalSection(SolutionConfigurationPlatforms) = preSolution
		Debug|Any CPU = Debug|Any CPU
		Release|Any CPU = Release|Any CPU
	EndGlobalSection
	GlobalSection(ProjectConfigurationPlatforms) = postSolution
		{811ED64E-EDA7-66E4-389E-E5B32765A238}.Debug|Any CPU.ActiveCfg = Debug|Any CPU
		{811ED64E-EDA7-66E4-389E-E5B32765A238}.Debug|Any CPU.Build.0 = Debug|Any CPU
		{811ED64E-EDA7-66E4-389E-E5B32765A238}.Release|Any CPU.ActiveCfg = Release|Any CPU
		{811ED64E-EDA7-66E4-389E-E5B32765A238}.Release|Any CPU.Build.0 = Release|Any CPU
		{23AF73F7-4352-C215-4F10-B16F6F7358E9}.Debug|Any CPU.ActiveCfg = Debug|Any CPU
		{23AF73F7-4352-C215-4F10-B16F6F7358E9}.Debug|Any CPU.Build.0 = Debug|Any CPU
		{23AF73F7-4352-C215-4F10-B16F6F7358E9}.Release|Any CPU.ActiveCfg = Release|Any CPU
		{23AF73F7-4352-C215-4F10-B16F6F7358E9}.Release|Any CPU.Build.0 = Release|Any CPU
		{D870BEAC-ABFB-B070-3851-B7B64FDC78DE}.Debug|Any CPU.ActiveCfg = Debug|Any CPU
		{D870BEAC-ABFB-B070-3851-B7B64FDC78DE}.Debug|Any CPU.Build.0 = Debug|Any CPU
		{D870BEAC-ABFB-B070-3851-B7B64FDC78DE}.Release|Any CPU.ActiveCfg = Release|Any CPU
		{D870BEAC-ABFB-B070-3851-B7B64FDC78DE}.Release|Any CPU.Build.0 = Release|Any CPU
		{0A6C9E99-FED3-E647-630D-3E469FF20FEF}.Debug|Any CPU.ActiveCfg = Debug|Any CPU
		{0A6C9E99-FED3-E647-630D-3E469FF20FEF}.Debug|Any CPU.Build.0 = Debug|Any CPU
		{0A6C9E99-FED3-E647-630D-3E469FF20FEF}.Release|Any CPU.ActiveCfg = Release|Any CPU
		{0A6C9E99-FED3-E647-630D-3E469FF20FEF}.Release|Any CPU.Build.0 = Release|Any CPU
	EndGlobalSection
	GlobalSection(SolutionProperties) = preSolution
		HideSolutionNode = FALSE
	EndGlobalSection
	GlobalSection(ExtensibilityGlobals) = postSolution
		SolutionGuid = {E26C53D5-E858-4BB7-8394-5A9812309B1C}
	EndGlobalSection
EndGlobal
