
Microsoft Visual Studio Solution File, Format Version 12.00
# Visual Studio Version 17
VisualStudioVersion = 17.14.36414.22
MinimumVisualStudioVersion = 10.0.40219.1
Project("{FAE04EC0-301F-11D3-BF4B-00C04F79EFBC}") = "ExcelProcess", "ExcelProcess\ExcelProcess.csproj", "{4DFD7CFF-06BE-4236-96D3-5FDEA4819E16}"
EndProject
Project("{FAE04EC0-301F-11D3-BF4B-00C04F79EFBC}") = "Models", "..\Models\Models\Models.csproj", "{24481D3B-22B5-2145-9826-F6726C94C704}"
EndProject
Project("{FAE04EC0-301F-11D3-BF4B-00C04F79EFBC}") = "CommonLibrary", "..\CommonLibrary\CommonLibrary\CommonLibrary.csproj", "{BB9F8998-69D2-7129-8666-77665E694150}"
EndProject
Global
	GlobalSection(SolutionConfigurationPlatforms) = preSolution
		Debug|Any CPU = Debug|Any CPU
		Release|Any CPU = Release|Any CPU
	EndGlobalSection
	GlobalSection(ProjectConfigurationPlatforms) = postSolution
		{4DFD7CFF-06BE-4236-96D3-5FDEA4819E16}.Debug|Any CPU.ActiveCfg = Debug|Any CPU
		{4DFD7CFF-06BE-4236-96D3-5FDEA4819E16}.Debug|Any CPU.Build.0 = Debug|Any CPU
		{4DFD7CFF-06BE-4236-96D3-5FDEA4819E16}.Release|Any CPU.ActiveCfg = Release|Any CPU
		{4DFD7CFF-06BE-4236-96D3-5FDEA4819E16}.Release|Any CPU.Build.0 = Release|Any CPU
		{24481D3B-22B5-2145-9826-F6726C94C704}.Debug|Any CPU.ActiveCfg = Debug|Any CPU
		{24481D3B-22B5-2145-9826-F6726C94C704}.Debug|Any CPU.Build.0 = Debug|Any CPU
		{24481D3B-22B5-2145-9826-F6726C94C704}.Release|Any CPU.ActiveCfg = Release|Any CPU
		{24481D3B-22B5-2145-9826-F6726C94C704}.Release|Any CPU.Build.0 = Release|Any CPU
		{BB9F8998-69D2-7129-8666-77665E694150}.Debug|Any CPU.ActiveCfg = Debug|Any CPU
		{BB9F8998-69D2-7129-8666-77665E694150}.Debug|Any CPU.Build.0 = Debug|Any CPU
		{BB9F8998-69D2-7129-8666-77665E694150}.Release|Any CPU.ActiveCfg = Release|Any CPU
		{BB9F8998-69D2-7129-8666-77665E694150}.Release|Any CPU.Build.0 = Release|Any CPU
	EndGlobalSection
	GlobalSection(SolutionProperties) = preSolution
		HideSolutionNode = FALSE
	EndGlobalSection
	GlobalSection(ExtensibilityGlobals) = postSolution
		SolutionGuid = {8B8220BA-15ED-4289-87E9-B27C733A45EF}
	EndGlobalSection
EndGlobal
