
Microsoft Visual Studio Solution File, Format Version 12.00
# Visual Studio Version 17
VisualStudioVersion = 17.14.36717.8 d17.14
MinimumVisualStudioVersion = 10.0.40219.1
Project("{FAE04EC0-301F-11D3-BF4B-00C04F79EFBC}") = "CommCalc", "CommCalc.csproj", "{1B80C21E-86D4-491C-9CC4-619025714324}"
EndProject
Project("{FAE04EC0-301F-11D3-BF4B-00C04F79EFBC}") = "Models", "..\Models\Models\Models.csproj", "{24481D3B-22B5-2145-9826-F6726C94C704}"
EndProject
Project("{FAE04EC0-301F-11D3-BF4B-00C04F79EFBC}") = "Data", "..\Data\Data.csproj", "{F1715270-A4E7-D501-3F6B-92FF1C08C4D7}"
EndProject
Global
	GlobalSection(SolutionConfigurationPlatforms) = preSolution
		Debug|Any CPU = Debug|Any CPU
		Release|Any CPU = Release|Any CPU
	EndGlobalSection
	GlobalSection(ProjectConfigurationPlatforms) = postSolution
		{1B80C21E-86D4-491C-9CC4-619025714324}.Debug|Any CPU.ActiveCfg = Debug|Any CPU
		{1B80C21E-86D4-491C-9CC4-619025714324}.Debug|Any CPU.Build.0 = Debug|Any CPU
		{1B80C21E-86D4-491C-9CC4-619025714324}.Release|Any CPU.ActiveCfg = Release|Any CPU
		{1B80C21E-86D4-491C-9CC4-619025714324}.Release|Any CPU.Build.0 = Release|Any CPU
		{24481D3B-22B5-2145-9826-F6726C94C704}.Debug|Any CPU.ActiveCfg = Debug|Any CPU
		{24481D3B-22B5-2145-9826-F6726C94C704}.Debug|Any CPU.Build.0 = Debug|Any CPU
		{24481D3B-22B5-2145-9826-F6726C94C704}.Release|Any CPU.ActiveCfg = Release|Any CPU
		{24481D3B-22B5-2145-9826-F6726C94C704}.Release|Any CPU.Build.0 = Release|Any CPU
		{F1715270-A4E7-D501-3F6B-92FF1C08C4D7}.Debug|Any CPU.ActiveCfg = Debug|Any CPU
		{F1715270-A4E7-D501-3F6B-92FF1C08C4D7}.Debug|Any CPU.Build.0 = Debug|Any CPU
		{F1715270-A4E7-D501-3F6B-92FF1C08C4D7}.Release|Any CPU.ActiveCfg = Release|Any CPU
		{F1715270-A4E7-D501-3F6B-92FF1C08C4D7}.Release|Any CPU.Build.0 = Release|Any CPU
	EndGlobalSection
	GlobalSection(SolutionProperties) = preSolution
		HideSolutionNode = FALSE
	EndGlobalSection
	GlobalSection(ExtensibilityGlobals) = postSolution
		SolutionGuid = {D4EDA7B8-F798-425D-80A7-28149D53CC27}
	EndGlobalSection
EndGlobal
